
Microsoft Visual Studio Solution File, Format Version 12.00
# Visual Studio Version 17
VisualStudioVersion = 17.14.36408.4
MinimumVisualStudioVersion = 10.0.40219.1
Project("{FAE04EC0-301F-11D3-BF4B-00C04F79EFBC}") = "BagStore.WepApp", "BagStoreManagement.WepApp\BagStore.WepApp.csproj", "{4D7A53CF-362B-4C73-BA3E-00E6AFDE3A9D}"
EndProject
Project("{2150E333-8FDC-42A3-9474-1A3956D46DE8}") = "Solution Items", "Solution Items", "{02EA681E-C7D8-13C7-8484-4AC65E1B71E8}"
	ProjectSection(SolutionItems) = preProject
		README.md = README.md
	EndProjectSection
EndProject
Project("{FAE04EC0-301F-11D3-BF4B-00C04F79EFBC}") = "BagStore.Models", "BagStore.Models\BagStore.Models.csproj", "{B935E4A1-05D9-45F4-B05C-EFB9E6088C48}"
EndProject
Project("{FAE04EC0-301F-11D3-BF4B-00C04F79EFBC}") = "BagStore.Common", "BagStore.Common\BagStore.Common.csproj", "{298EE3D0-32D0-4585-9E8C-F5405505F748}"
EndProject
Project("{FAE04EC0-301F-11D3-BF4B-00C04F79EFBC}") = "BagStore.Domain", "BagStore.Domain\BagStore.Domain.csproj", "{24975F22-DE7E-4693-B915-43E0398C2B28}"
EndProject
Project("{FAE04EC0-301F-11D3-BF4B-00C04F79EFBC}") = "BagStore.Application", "BagStore.Application\BagStore.Application.csproj", "{4FE2A351-B624-4A85-B0B6-576F0B2D085C}"
EndProject
Project("{FAE04EC0-301F-11D3-BF4B-00C04F79EFBC}") = "BagStore.Infrastructure", "BagStore.Infrastructure\BagStore.Infrastructure.csproj", "{633B8763-279E-4E2C-8090-90D8A2D6A784}"
EndProject
Project("{FAE04EC0-301F-11D3-BF4B-00C04F79EFBC}") = "BagStore.BackendApi", "BagStore.BackendApi\BagStore.BackendApi.csproj", "{B48D2959-4683-4852-B454-FC5935DF0C6A}"
EndProject
Project("{FAE04EC0-301F-11D3-BF4B-00C04F79EFBC}") = "BagStore.Admin", "BagStore.Admin\BagStore.Admin.csproj", "{D5A01BBD-5FB2-417D-BD86-CA5458102824}"
EndProject
Global
	GlobalSection(SolutionConfigurationPlatforms) = preSolution
		Debug|Any CPU = Debug|Any CPU
		Release|Any CPU = Release|Any CPU
	EndGlobalSection
	GlobalSection(ProjectConfigurationPlatforms) = postSolution
		{4D7A53CF-362B-4C73-BA3E-00E6AFDE3A9D}.Debug|Any CPU.ActiveCfg = Debug|Any CPU
		{4D7A53CF-362B-4C73-BA3E-00E6AFDE3A9D}.Debug|Any CPU.Build.0 = Debug|Any CPU
		{4D7A53CF-362B-4C73-BA3E-00E6AFDE3A9D}.Release|Any CPU.ActiveCfg = Release|Any CPU
		{4D7A53CF-362B-4C73-BA3E-00E6AFDE3A9D}.Release|Any CPU.Build.0 = Release|Any CPU
		{B935E4A1-05D9-45F4-B05C-EFB9E6088C48}.Debug|Any CPU.ActiveCfg = Debug|Any CPU
		{B935E4A1-05D9-45F4-B05C-EFB9E6088C48}.Debug|Any CPU.Build.0 = Debug|Any CPU
		{B935E4A1-05D9-45F4-B05C-EFB9E6088C48}.Release|Any CPU.ActiveCfg = Release|Any CPU
		{B935E4A1-05D9-45F4-B05C-EFB9E6088C48}.Release|Any CPU.Build.0 = Release|Any CPU
		{298EE3D0-32D0-4585-9E8C-F5405505F748}.Debug|Any CPU.ActiveCfg = Debug|Any CPU
		{298EE3D0-32D0-4585-9E8C-F5405505F748}.Debug|Any CPU.Build.0 = Debug|Any CPU
		{298EE3D0-32D0-4585-9E8C-F5405505F748}.Release|Any CPU.ActiveCfg = Release|Any CPU
		{298EE3D0-32D0-4585-9E8C-F5405505F748}.Release|Any CPU.Build.0 = Release|Any CPU
		{24975F22-DE7E-4693-B915-43E0398C2B28}.Debug|Any CPU.ActiveCfg = Debug|Any CPU
		{24975F22-DE7E-4693-B915-43E0398C2B28}.Debug|Any CPU.Build.0 = Debug|Any CPU
		{24975F22-DE7E-4693-B915-43E0398C2B28}.Release|Any CPU.ActiveCfg = Release|Any CPU
		{24975F22-DE7E-4693-B915-43E0398C2B28}.Release|Any CPU.Build.0 = Release|Any CPU
		{4FE2A351-B624-4A85-B0B6-576F0B2D085C}.Debug|Any CPU.ActiveCfg = Debug|Any CPU
		{4FE2A351-B624-4A85-B0B6-576F0B2D085C}.Debug|Any CPU.Build.0 = Debug|Any CPU
		{4FE2A351-B624-4A85-B0B6-576F0B2D085C}.Release|Any CPU.ActiveCfg = Release|Any CPU
		{4FE2A351-B624-4A85-B0B6-576F0B2D085C}.Release|Any CPU.Build.0 = Release|Any CPU
		{633B8763-279E-4E2C-8090-90D8A2D6A784}.Debug|Any CPU.ActiveCfg = Debug|Any CPU
		{633B8763-279E-4E2C-8090-90D8A2D6A784}.Debug|Any CPU.Build.0 = Debug|Any CPU
		{633B8763-279E-4E2C-8090-90D8A2D6A784}.Release|Any CPU.ActiveCfg = Release|Any CPU
		{633B8763-279E-4E2C-8090-90D8A2D6A784}.Release|Any CPU.Build.0 = Release|Any CPU
		{B48D2959-4683-4852-B454-FC5935DF0C6A}.Debug|Any CPU.ActiveCfg = Debug|Any CPU
		{B48D2959-4683-4852-B454-FC5935DF0C6A}.Debug|Any CPU.Build.0 = Debug|Any CPU
		{B48D2959-4683-4852-B454-FC5935DF0C6A}.Release|Any CPU.ActiveCfg = Release|Any CPU
		{B48D2959-4683-4852-B454-FC5935DF0C6A}.Release|Any CPU.Build.0 = Release|Any CPU
		{D5A01BBD-5FB2-417D-BD86-CA5458102824}.Debug|Any CPU.ActiveCfg = Debug|Any CPU
		{D5A01BBD-5FB2-417D-BD86-CA5458102824}.Debug|Any CPU.Build.0 = Debug|Any CPU
		{D5A01BBD-5FB2-417D-BD86-CA5458102824}.Release|Any CPU.ActiveCfg = Release|Any CPU
		{D5A01BBD-5FB2-417D-BD86-CA5458102824}.Release|Any CPU.Build.0 = Release|Any CPU
	EndGlobalSection
	GlobalSection(SolutionProperties) = preSolution
		HideSolutionNode = FALSE
	EndGlobalSection
	GlobalSection(ExtensibilityGlobals) = postSolution
		SolutionGuid = {00A792F2-E745-4EE6-83F3-59FDCAC08387}
	EndGlobalSection
EndGlobal
