Microsoft Visual Studio Solution File, Format Version 12.00
# Visual Studio Version 17
VisualStudioVersion = 17.5.2.0
MinimumVisualStudioVersion = 10.0.40219.1
Project("{FAE04EC0-301F-11D3-BF4B-00C04F79EFBC}") = "BagStore.Web", "BagStore.Web.csproj", "{318A5F47-5A47-9DF6-DE54-0BC3255236FB}"
EndProject
Global
	GlobalSection(SolutionConfigurationPlatforms) = preSolution
		Debug|Any CPU = Debug|Any CPU
		Release|Any CPU = Release|Any CPU
	EndGlobalSection
	GlobalSection(ProjectConfigurationPlatforms) = postSolution
		{318A5F47-5A47-9DF6-DE54-0BC3255236FB}.Debug|Any CPU.ActiveCfg = Debug|Any CPU
		{318A5F47-5A47-9DF6-DE54-0BC3255236FB}.Debug|Any CPU.Build.0 = Debug|Any CPU
		{318A5F47-5A47-9DF6-DE54-0BC3255236FB}.Release|Any CPU.ActiveCfg = Release|Any CPU
		{318A5F47-5A47-9DF6-DE54-0BC3255236FB}.Release|Any CPU.Build.0 = Release|Any CPU
	EndGlobalSection
	GlobalSection(SolutionProperties) = preSolution
		HideSolutionNode = FALSE
	EndGlobalSection
	GlobalSection(ExtensibilityGlobals) = postSolution
		SolutionGuid = {498A4825-30FF-4EC2-81B7-716C92DDB37A}
	EndGlobalSection
EndGlobal
